// !$*UTF8*$!
{
	archiveVersion = 1;
	classes = {
	};
	objectVersion = 56;
	objects = {

/* Begin PBXBuildFile section */
		D7C3F5D62BE668F400B8E1AC /* DataProductTestApp.swift in Sources */ = {isa = PBXBuildFile; fileRef = D7C3F5D52BE668F400B8E1AC /* DataProductTestApp.swift */; };
		D7C3F5D82BE668F400B8E1AC /* ContentView.swift in Sources */ = {isa = PBXBuildFile; fileRef = D7C3F5D72BE668F400B8E1AC /* ContentView.swift */; };
		D7C3F5DA2BE668F500B8E1AC /* Assets.xcassets in Resources */ = {isa = PBXBuildFile; fileRef = D7C3F5D92BE668F500B8E1AC /* Assets.xcassets */; };
		D7C3F5DD2BE668F500B8E1AC /* Preview Assets.xcassets in Resources */ = {isa = PBXBuildFile; fileRef = D7C3F5DC2BE668F500B8E1AC /* Preview Assets.xcassets */; };
		D7C3F5DF2BE668F500B8E1AC /* Persistence.swift in Sources */ = {isa = PBXBuildFile; fileRef = D7C3F5DE2BE668F500B8E1AC /* Persistence.swift */; };
		D7C3F5E22BE668F500B8E1AC /* DataProductTest.xcdatamodeld in Sources */ = {isa = PBXBuildFile; fileRef = D7C3F5E02BE668F500B8E1AC /* DataProductTest.xcdatamodeld */; };
/* End PBXBuildFile section */

/* Begin PBXFileReference section */
		D7C3F5D22BE668F400B8E1AC /* DataProductTest.app */ = {isa = PBXFileReference; explicitFileType = wrapper.application; includeInIndex = 0; path = DataProductTest.app; sourceTree = BUILT_PRODUCTS_DIR; };
		D7C3F5D52BE668F400B8E1AC /* DataProductTestApp.swift */ = {isa = PBXFileReference; lastKnownFileType = sourcecode.swift; path = DataProductTestApp.swift; sourceTree = "<group>"; };
		D7C3F5D72BE668F400B8E1AC /* ContentView.swift */ = {isa = PBXFileReference; lastKnownFileType = sourcecode.swift; path = ContentView.swift; sourceTree = "<group>"; };
		D7C3F5D92BE668F500B8E1AC /* Assets.xcassets */ = {isa = PBXFileReference; lastKnownFileType = folder.assetcatalog; path = Assets.xcassets; sourceTree = "<group>"; };
		D7C3F5DC2BE668F500B8E1AC /* Preview Assets.xcassets */ = {isa = PBXFileReference; lastKnownFileType = folder.assetcatalog; path = "Preview Assets.xcassets"; sourceTree = "<group>"; };
		D7C3F5DE2BE668F500B8E1AC /* Persistence.swift */ = {isa = PBXFileReference; lastKnownFileType = sourcecode.swift; path = Persistence.swift; sourceTree = "<group>"; };
		D7C3F5E12BE668F500B8E1AC /* DataProductTest.xcdatamodel */ = {isa = PBXFileReference; lastKnownFileType = wrapper.xcdatamodel; path = DataProductTest.xcdatamodel; sourceTree = "<group>"; };
/* End PBXFileReference section */

/* Begin PBXFrameworksBuildPhase section */
		D7C3F5CF2BE668F400B8E1AC /* Frameworks */ = {
			isa = PBXFrameworksBuildPhase;
			buildActionMask = 2147483647;
			files = (
			);
			runOnlyForDeploymentPostprocessing = 0;
		};
/* End PBXFrameworksBuildPhase section */

/* Begin PBXGroup section */
		D7C3F5C92BE668F400B8E1AC = {
			isa = PBXGroup;
			children = (
				D7C3F5D42BE668F400B8E1AC /* DataProductTest */,
				D7C3F5D32BE668F400B8E1AC /* Products */,
			);
			sourceTree = "<group>";
		};
		D7C3F5D32BE668F400B8E1AC /* Products */ = {
			isa = PBXGroup;
			children = (
				D7C3F5D22BE668F400B8E1AC /* DataProductTest.app */,
			);
			name = Products;
			sourceTree = "<group>";
		};
		D7C3F5D42BE668F400B8E1AC /* DataProductTest */ = {
			isa = PBXGroup;
			children = (
				D7C3F5D52BE668F400B8E1AC /* DataProductTestApp.swift */,
				D7C3F5D72BE668F400B8E1AC /* ContentView.swift */,
				D7C3F5D92BE668F500B8E1AC /* Assets.xcassets */,
				D7C3F5DE2BE668F500B8E1AC /* Persistence.swift */,
				D7C3F5E02BE668F500B8E1AC /* DataProductTest.xcdatamodeld */,
				D7C3F5DB2BE668F500B8E1AC /* Preview Content */,
			);
			path = DataProductTest;
			sourceTree = "<group>";
		};
		D7C3F5DB2BE668F500B8E1AC /* Preview Content */ = {
			isa = PBXGroup;
			children = (
				D7C3F5DC2BE668F500B8E1AC /* Preview Assets.xcassets */,
			);
			path = "Preview Content";
			sourceTree = "<group>";
		};
/* End PBXGroup section */

/* Begin PBXNativeTarget section */
		D7C3F5D12BE668F400B8E1AC /* DataProductTest */ = {
			isa = PBXNativeTarget;
			buildConfigurationList = D7C3F5E52BE668F500B8E1AC /* Build configuration list for PBXNativeTarget "DataProductTest" */;
			buildPhases = (
				D7C3F5CE2BE668F400B8E1AC /* Sources */,
				D7C3F5CF2BE668F400B8E1AC /* Frameworks */,
				D7C3F5D02BE668F400B8E1AC /* Resources */,
			);
			buildRules = (
			);
			dependencies = (
			);
			name = DataProductTest;
			productName = DataProductTest;
			productReference = D7C3F5D22BE668F400B8E1AC /* DataProductTest.app */;
			productType = "com.apple.product-type.application";
		};
/* End PBXNativeTarget section */

/* Begin PBXProject section */
		D7C3F5CA2BE668F400B8E1AC /* Project object */ = {
			isa = PBXProject;
			attributes = {
				BuildIndependentTargetsInParallel = 1;
				LastSwiftUpdateCheck = 1530;
				LastUpgradeCheck = 1530;
				TargetAttributes = {
					D7C3F5D12BE668F400B8E1AC = {
						CreatedOnToolsVersion = 15.3;
					};
				};
			};
			buildConfigurationList = D7C3F5CD2BE668F400B8E1AC /* Build configuration list for PBXProject "DataProductTest" */;
			compatibilityVersion = "Xcode 14.0";
			developmentRegion = en;
			hasScannedForEncodings = 0;
			knownRegions = (
				en,
				Base,
			);
			mainGroup = D7C3F5C92BE668F400B8E1AC;
			productRefGroup = D7C3F5D32BE668F400B8E1AC /* Products */;
			projectDirPath = "";
			projectRoot = "";
			targets = (
				D7C3F5D12BE668F400B8E1AC /* DataProductTest */,
			);
		};
/* End PBXProject section */

/* Begin PBXResourcesBuildPhase section */
		D7C3F5D02BE668F400B8E1AC /* Resources */ = {
			isa = PBXResourcesBuildPhase;
			buildActionMask = 2147483647;
			files = (
				D7C3F5DD2BE668F500B8E1AC /* Preview Assets.xcassets in Resources */,
				D7C3F5DA2BE668F500B8E1AC /* Assets.xcassets in Resources */,
			);
			runOnlyForDeploymentPostprocessing = 0;
		};
/* End PBXResourcesBuildPhase section */

/* Begin PBXSourcesBuildPhase section */
		D7C3F5CE2BE668F400B8E1AC /* Sources */ = {
			isa = PBXSourcesBuildPhase;
			buildActionMask = 2147483647;
			files = (
				D7C3F5DF2BE668F500B8E1AC /* Persistence.swift in Sources */,
				D7C3F5D82BE668F400B8E1AC /* ContentView.swift in Sources */,
				D7C3F5D62BE668F400B8E1AC /* DataProductTestApp.swift in Sources */,
				D7C3F5E22BE668F500B8E1AC /* DataProductTest.xcdatamodeld in Sources */,
			);
			runOnlyForDeploymentPostprocessing = 0;
		};
/* End PBXSourcesBuildPhase section */

/* Begin XCBuildConfiguration section */
		D7C3F5E32BE668F500B8E1AC /* Debug */ = {
			isa = XCBuildConfiguration;
			buildSettings = {
				ALWAYS_SEARCH_USER_PATHS = NO;
				ASSETCATALOG_COMPILER_GENERATE_SWIFT_ASSET_SYMBOL_EXTENSIONS = YES;
				CLANG_ANALYZER_NONNULL = YES;
				CLANG_ANALYZER_NUMBER_OBJECT_CONVERSION = YES_AGGRESSIVE;
				CLANG_CXX_LANGUAGE_STANDARD = "gnu++20";
				CLANG_ENABLE_MODULES = YES;
				CLANG_ENABLE_OBJC_ARC = YES;
				CLANG_ENABLE_OBJC_WEAK = YES;
				CLANG_WARN_BLOCK_CAPTURE_AUTORELEASING = YES;
				CLANG_WARN_BOOL_CONVERSION = YES;
				CLANG_WARN_COMMA = YES;
				CLANG_WARN_CONSTANT_CONVERSION = YES;
				CLANG_WARN_DEPRECATED_OBJC_IMPLEMENTATIONS = YES;
				CLANG_WARN_DIRECT_OBJC_ISA_USAGE = YES_ERROR;
				CLANG_WARN_DOCUMENTATION_COMMENTS = YES;
				CLANG_WARN_EMPTY_BODY = YES;
				CLANG_WARN_ENUM_CONVERSION = YES;
				CLANG_WARN_INFINITE_RECURSION = YES;
				CLANG_WARN_INT_CONVERSION = YES;
				CLANG_WARN_NON_LITERAL_NULL_CONVERSION = YES;
				CLANG_WARN_OBJC_IMPLICIT_RETAIN_SELF = YES;
				CLANG_WARN_OBJC_LITERAL_CONVERSION = YES;
				CLANG_WARN_OBJC_ROOT_CLASS = YES_ERROR;
				CLANG_WARN_QUOTED_INCLUDE_IN_FRAMEWORK_HEADER = YES;
				CLANG_WARN_RANGE_LOOP_ANALYSIS = YES;
				CLANG_WARN_STRICT_PROTOTYPES = YES;
				CLANG_WARN_SUSPICIOUS_MOVE = YES;
				CLANG_WARN_UNGUARDED_AVAILABILITY = YES_AGGRESSIVE;
				CLANG_WARN_UNREACHABLE_CODE = YES;
				CLANG_WARN__DUPLICATE_METHOD_MATCH = YES;
				COPY_PHASE_STRIP = NO;
				DEBUG_INFORMATION_FORMAT = dwarf;
				ENABLE_STRICT_OBJC_MSGSEND = YES;
				ENABLE_TESTABILITY = YES;
				ENABLE_USER_SCRIPT_SANDBOXING = YES;
				GCC_C_LANGUAGE_STANDARD = gnu17;
				GCC_DYNAMIC_NO_PIC = NO;
				GCC_NO_COMMON_BLOCKS = YES;
				GCC_OPTIMIZATION_LEVEL = 0;
				GCC_PREPROCESSOR_DEFINITIONS = (
					"DEBUG=1",
					"$(inherited)",
				);
				GCC_WARN_64_TO_32_BIT_CONVERSION = YES;
				GCC_WARN_ABOUT_RETURN_TYPE = YES_ERROR;
				GCC_WARN_UNDECLARED_SELECTOR = YES;
				GCC_WARN_UNINITIALIZED_AUTOS = YES_AGGRESSIVE;
				GCC_WARN_UNUSED_FUNCTION = YES;
				GCC_WARN_UNUSED_VARIABLE = YES;
				IPHONEOS_DEPLOYMENT_TARGET = 17.4;
				LOCALIZATION_PREFERS_STRING_CATALOGS = YES;
				MTL_ENABLE_DEBUG_INFO = INCLUDE_SOURCE;
				MTL_FAST_MATH = YES;
				ONLY_ACTIVE_ARCH = YES;
				SDKROOT = iphoneos;
				SWIFT_ACTIVE_COMPILATION_CONDITIONS = "DEBUG $(inherited)";
				SWIFT_OPTIMIZATION_LEVEL = "-Onone";
			};
			name = Debug;
		};
		D7C3F5E42BE668F500B8E1AC /* Release */ = {
			isa = XCBuildConfiguration;
			buildSettings = {
				ALWAYS_SEARCH_USER_PATHS = NO;
				ASSETCATALOG_COMPILER_GENERATE_SWIFT_ASSET_SYMBOL_EXTENSIONS = YES;
				CLANG_ANALYZER_NONNULL = YES;
				CLANG_ANALYZER_NUMBER_OBJECT_CONVERSION = YES_AGGRESSIVE;
				CLANG_CXX_LANGUAGE_STANDARD = "gnu++20";
				CLANG_ENABLE_MODULES = YES;
				CLANG_ENABLE_OBJC_ARC = YES;
				CLANG_ENABLE_OBJC_WEAK = YES;
				CLANG_WARN_BLOCK_CAPTURE_AUTORELEASING = YES;
				CLANG_WARN_BOOL_CONVERSION = YES;
				CLANG_WARN_COMMA = YES;
				CLANG_WARN_CONSTANT_CONVERSION = YES;
				CLANG_WARN_DEPRECATED_OBJC_IMPLEMENTATIONS = YES;
				CLANG_WARN_DIRECT_OBJC_ISA_USAGE = YES_ERROR;
				CLANG_WARN_DOCUMENTATION_COMMENTS = YES;
				CLANG_WARN_EMPTY_BODY = YES;
				CLANG_WARN_ENUM_CONVERSION = YES;
				CLANG_WARN_INFINITE_RECURSION = YES;
				CLANG_WARN_INT_CONVERSION = YES;
				CLANG_WARN_NON_LITERAL_NULL_CONVERSION = YES;
				CLANG_WARN_OBJC_IMPLICIT_RETAIN_SELF = YES;
				CLANG_WARN_OBJC_LITERAL_CONVERSION = YES;
				CLANG_WARN_OBJC_ROOT_CLASS = YES_ERROR;
				CLANG_WARN_QUOTED_INCLUDE_IN_FRAMEWORK_HEADER = YES;
				CLANG_WARN_RANGE_LOOP_ANALYSIS = YES;
				CLANG_WARN_STRICT_PROTOTYPES = YES;
				CLANG_WARN_SUSPICIOUS_MOVE = YES;
				CLANG_WARN_UNGUARDED_AVAILABILITY = YES_AGGRESSIVE;
				CLANG_WARN_UNREACHABLE_CODE = YES;
				CLANG_WARN__DUPLICATE_METHOD_MATCH = YES;
				COPY_PHASE_STRIP = NO;
				DEBUG_INFORMATION_FORMAT = "dwarf-with-dsym";
				ENABLE_NS_ASSERTIONS = NO;
				ENABLE_STRICT_OBJC_MSGSEND = YES;
				ENABLE_USER_SCRIPT_SANDBOXING = YES;
				GCC_C_LANGUAGE_STANDARD = gnu17;
				GCC_NO_COMMON_BLOCKS = YES;
				GCC_WARN_64_TO_32_BIT_CONVERSION = YES;
				GCC_WARN_ABOUT_RETURN_TYPE = YES_ERROR;
				GCC_WARN_UNDECLARED_SELECTOR = YES;
				GCC_WARN_UNINITIALIZED_AUTOS = YES_AGGRESSIVE;
				GCC_WARN_UNUSED_FUNCTION = YES;
				GCC_WARN_UNUSED_VARIABLE = YES;
				IPHONEOS_DEPLOYMENT_TARGET = 17.4;
				LOCALIZATION_PREFERS_STRING_CATALOGS = YES;
				MTL_ENABLE_DEBUG_INFO = NO;
				MTL_FAST_MATH = YES;
				SDKROOT = iphoneos;
				SWIFT_COMPILATION_MODE = wholemodule;
				VALIDATE_PRODUCT = YES;
			};
			name = Release;
		};
		D7C3F5E62BE668F500B8E1AC /* Debug */ = {
			isa = XCBuildConfiguration;
			buildSettings = {
				ASSETCATALOG_COMPILER_APPICON_NAME = AppIcon;
				ASSETCATALOG_COMPILER_GLOBAL_ACCENT_COLOR_NAME = AccentColor;
				CODE_SIGN_STYLE = Automatic;
				CURRENT_PROJECT_VERSION = 1;
				DEVELOPMENT_ASSET_PATHS = "\"DataProductTest/Preview Content\"";
				DEVELOPMENT_TEAM = HDQUFL254V;
				ENABLE_PREVIEWS = YES;
				GENERATE_INFOPLIST_FILE = YES;
				INFOPLIST_KEY_UIApplicationSceneManifest_Generation = YES;
				INFOPLIST_KEY_UIApplicationSupportsIndirectInputEvents = YES;
				INFOPLIST_KEY_UILaunchScreen_Generation = YES;
				INFOPLIST_KEY_UISupportedInterfaceOrientations_iPad = "UIInterfaceOrientationPortrait UIInterfaceOrientationPortraitUpsideDown UIInterfaceOrientationLandscapeLeft UIInterfaceOrientationLandscapeRight";
				INFOPLIST_KEY_UISupportedInterfaceOrientations_iPhone = "UIInterfaceOrientationPortrait UIInterfaceOrientationLandscapeLeft UIInterfaceOrientationLandscapeRight";
				LD_RUNPATH_SEARCH_PATHS = (
					"$(inherited)",
					"@executable_path/Frameworks",
				);
				MARKETING_VERSION = 1.0;
				PRODUCT_BUNDLE_IDENTIFIER = my.com.DataProductTest;
				PRODUCT_NAME = "$(TARGET_NAME)";
				SWIFT_EMIT_LOC_STRINGS = YES;
				SWIFT_VERSION = 5.0;
				TARGETED_DEVICE_FAMILY = "1,2";
			};
			name = Debug;
		};
		D7C3F5E72BE668F500B8E1AC /* Release */ = {
			isa = XCBuildConfiguration;
			buildSettings = {
				ASSETCATALOG_COMPILER_APPICON_NAME = AppIcon;
				ASSETCATALOG_COMPILER_GLOBAL_ACCENT_COLOR_NAME = AccentColor;
				CODE_SIGN_STYLE = Automatic;
				CURRENT_PROJECT_VERSION = 1;
				DEVELOPMENT_ASSET_PATHS = "\"DataProductTest/Preview Content\"";
				DEVELOPMENT_TEAM = HDQUFL254V;
				ENABLE_PREVIEWS = YES;
				GENERATE_INFOPLIST_FILE = YES;
				INFOPLIST_KEY_UIApplicationSceneManifest_Generation = YES;
				INFOPLIST_KEY_UIApplicationSupportsIndirectInputEvents = YES;
				INFOPLIST_KEY_UILaunchScreen_Generation = YES;
				INFOPLIST_KEY_UISupportedInterfaceOrientations_iPad = "UIInterfaceOrientationPortrait UIInterfaceOrientationPortraitUpsideDown UIInterfaceOrientationLandscapeLeft UIInterfaceOrientationLandscapeRight";
				INFOPLIST_KEY_UISupportedInterfaceOrientations_iPhone = "UIInterfaceOrientationPortrait UIInterfaceOrientationLandscapeLeft UIInterfaceOrientationLandscapeRight";
				LD_RUNPATH_SEARCH_PATHS = (
					"$(inherited)",
					"@executable_path/Frameworks",
				);
				MARKETING_VERSION = 1.0;
				PRODUCT_BUNDLE_IDENTIFIER = my.com.DataProductTest;
				PRODUCT_NAME = "$(TARGET_NAME)";
				SWIFT_EMIT_LOC_STRINGS = YES;
				SWIFT_VERSION = 5.0;
				TARGETED_DEVICE_FAMILY = "1,2";
			};
			name = Release;
		};
/* End XCBuildConfiguration section */

/* Begin XCConfigurationList section */
		D7C3F5CD2BE668F400B8E1AC /* Build configuration list for PBXProject "DataProductTest" */ = {
			isa = XCConfigurationList;
			buildConfigurations = (
				D7C3F5E32BE668F500B8E1AC /* Debug */,
				D7C3F5E42BE668F500B8E1AC /* Release */,
			);
			defaultConfigurationIsVisible = 0;
			defaultConfigurationName = Release;
		};
		D7C3F5E52BE668F500B8E1AC /* Build configuration list for PBXNativeTarget "DataProductTest" */ = {
			isa = XCConfigurationList;
			buildConfigurations = (
				D7C3F5E62BE668F500B8E1AC /* Debug */,
				D7C3F5E72BE668F500B8E1AC /* Release */,
			);
			defaultConfigurationIsVisible = 0;
			defaultConfigurationName = Release;
		};
/* End XCConfigurationList section */

/* Begin XCVersionGroup section */
		D7C3F5E02BE668F500B8E1AC /* DataProductTest.xcdatamodeld */ = {
			isa = XCVersionGroup;
			children = (
				D7C3F5E12BE668F500B8E1AC /* DataProductTest.xcdatamodel */,
			);
			currentVersion = D7C3F5E12BE668F500B8E1AC /* DataProductTest.xcdatamodel */;
			path = DataProductTest.xcdatamodeld;
			sourceTree = "<group>";
			versionGroupType = wrapper.xcdatamodel;
		};
/* End XCVersionGroup section */
	};
	rootObject = D7C3F5CA2BE668F400B8E1AC /* Project object */;
}
